
Microsoft Visual Studio Solution File, Format Version 11.00
# Visual Studio 2010
Project("{F184B08F-C81C-45F6-A57F-5ABD9991F28F}") = "CSCE361.Group3.WebPages", "CSCE361.Group3.WebPages\CSCE361.Group3.WebPages.vbproj", "{330CC241-A1F9-475D-BE25-8BE8B120E9D5}"
EndProject
Project("{F184B08F-C81C-45F6-A57F-5ABD9991F28F}") = "CSCE361.Group3.BizLogic", "CSCE361.Group3.BizLogic\CSCE361.Group3.BizLogic.vbproj", "{6A90E961-F425-4486-A15A-41A0422FC01C}"
EndProject
Global
	GlobalSection(SolutionConfigurationPlatforms) = preSolution
		Debug|Any CPU = Debug|Any CPU
		Release|Any CPU = Release|Any CPU
	EndGlobalSection
	GlobalSection(ProjectConfigurationPlatforms) = postSolution
		{330CC241-A1F9-475D-BE25-8BE8B120E9D5}.Debug|Any CPU.ActiveCfg = Debug|Any CPU
		{330CC241-A1F9-475D-BE25-8BE8B120E9D5}.Debug|Any CPU.Build.0 = Debug|Any CPU
		{330CC241-A1F9-475D-BE25-8BE8B120E9D5}.Release|Any CPU.ActiveCfg = Release|Any CPU
		{330CC241-A1F9-475D-BE25-8BE8B120E9D5}.Release|Any CPU.Build.0 = Release|Any CPU
		{6A90E961-F425-4486-A15A-41A0422FC01C}.Debug|Any CPU.ActiveCfg = Debug|Any CPU
		{6A90E961-F425-4486-A15A-41A0422FC01C}.Debug|Any CPU.Build.0 = Debug|Any CPU
		{6A90E961-F425-4486-A15A-41A0422FC01C}.Release|Any CPU.ActiveCfg = Release|Any CPU
		{6A90E961-F425-4486-A15A-41A0422FC01C}.Release|Any CPU.Build.0 = Release|Any CPU
	EndGlobalSection
	GlobalSection(SolutionProperties) = preSolution
		HideSolutionNode = FALSE
	EndGlobalSection
EndGlobal
